// !$*UTF8*$!
{
	archiveVersion = 1;
	classes = {
	};
	objectVersion = 46;
	objects = {

/* Begin PBXBuildFile section */
		FACBCE841A80C9AB0083F473 /* main.m in Sources */ = {isa = PBXBuildFile; fileRef = FACBCE831A80C9AB0083F473 /* main.m */; };
		FACBCE871A80C9AB0083F473 /* AppDelegate.m in Sources */ = {isa = PBXBuildFile; fileRef = FACBCE861A80C9AB0083F473 /* AppDelegate.m */; };
		FACBCE8F1A80C9AB0083F473 /* Images.xcassets in Resources */ = {isa = PBXBuildFile; fileRef = FACBCE8E1A80C9AB0083F473 /* Images.xcassets */; };
		FACBCE9E1A80C9AB0083F473 /* Leto_TestTests.m in Sources */ = {isa = PBXBuildFile; fileRef = FACBCE9D1A80C9AB0083F473 /* Leto_TestTests.m */; };
		FACBCEAD1A80CBC70083F473 /* MoviesViewController.m in Sources */ = {isa = PBXBuildFile; fileRef = FACBCEAB1A80CBC70083F473 /* MoviesViewController.m */; };
		FACBCEAE1A80CBC70083F473 /* MoviesViewController.xib in Resources */ = {isa = PBXBuildFile; fileRef = FACBCEAC1A80CBC70083F473 /* MoviesViewController.xib */; };
		FACBCEB21A80CE510083F473 /* Constants.m in Sources */ = {isa = PBXBuildFile; fileRef = FACBCEB11A80CE510083F473 /* Constants.m */; };
		FACBCEC11A80D1C80083F473 /* MovieCustomCell.m in Sources */ = {isa = PBXBuildFile; fileRef = FACBCEBF1A80D1C80083F473 /* MovieCustomCell.m */; };
		FACBCEC21A80D1C80083F473 /* MovieCustomCell.xib in Resources */ = {isa = PBXBuildFile; fileRef = FACBCEC01A80D1C80083F473 /* MovieCustomCell.xib */; };
		FACBCEC81A80E8400083F473 /* SDWebImageCompat.m in Sources */ = {isa = PBXBuildFile; fileRef = FACBCEC61A80E8400083F473 /* SDWebImageCompat.m */; };
		FACBCECE1A80E85A0083F473 /* SDWebImageDownloader.m in Sources */ = {isa = PBXBuildFile; fileRef = FACBCECB1A80E85A0083F473 /* SDWebImageDownloader.m */; };
		FACBCECF1A80E85A0083F473 /* SDWebImageDownloaderOperation.m in Sources */ = {isa = PBXBuildFile; fileRef = FACBCECD1A80E85A0083F473 /* SDWebImageDownloaderOperation.m */; };
		FACBCED31A80E87C0083F473 /* SDImageCache.m in Sources */ = {isa = PBXBuildFile; fileRef = FACBCED21A80E87C0083F473 /* SDImageCache.m */; };
		FACBCEDB1A80E8AD0083F473 /* SDWebImageDecoder.m in Sources */ = {isa = PBXBuildFile; fileRef = FACBCED61A80E8AD0083F473 /* SDWebImageDecoder.m */; };
		FACBCEDC1A80E8AD0083F473 /* SDWebImageManager.m in Sources */ = {isa = PBXBuildFile; fileRef = FACBCED81A80E8AD0083F473 /* SDWebImageManager.m */; };
		FACBCEDD1A80E8AD0083F473 /* SDWebImagePrefetcher.m in Sources */ = {isa = PBXBuildFile; fileRef = FACBCEDA1A80E8AD0083F473 /* SDWebImagePrefetcher.m */; };
		FACBCEF11A80E8C90083F473 /* MKAnnotationView+WebCache.m in Sources */ = {isa = PBXBuildFile; fileRef = FACBCEE01A80E8C80083F473 /* MKAnnotationView+WebCache.m */; };
		FACBCEF21A80E8C90083F473 /* NSData+ImageContentType.m in Sources */ = {isa = PBXBuildFile; fileRef = FACBCEE21A80E8C80083F473 /* NSData+ImageContentType.m */; };
		FACBCEF31A80E8C90083F473 /* UIButton+WebCache.m in Sources */ = {isa = PBXBuildFile; fileRef = FACBCEE41A80E8C80083F473 /* UIButton+WebCache.m */; };
		FACBCEF41A80E8C90083F473 /* UIImage+GIF.m in Sources */ = {isa = PBXBuildFile; fileRef = FACBCEE61A80E8C80083F473 /* UIImage+GIF.m */; };
		FACBCEF51A80E8C90083F473 /* UIImage+MultiFormat.m in Sources */ = {isa = PBXBuildFile; fileRef = FACBCEE81A80E8C80083F473 /* UIImage+MultiFormat.m */; };
		FACBCEF61A80E8C90083F473 /* UIImage+WebP.m in Sources */ = {isa = PBXBuildFile; fileRef = FACBCEEA1A80E8C80083F473 /* UIImage+WebP.m */; };
		FACBCEF71A80E8C90083F473 /* UIImageView+HighlightedWebCache.m in Sources */ = {isa = PBXBuildFile; fileRef = FACBCEEC1A80E8C80083F473 /* UIImageView+HighlightedWebCache.m */; };
		FACBCEF81A80E8C90083F473 /* UIImageView+WebCache.m in Sources */ = {isa = PBXBuildFile; fileRef = FACBCEEE1A80E8C80083F473 /* UIImageView+WebCache.m */; };
		FACBCEF91A80E8C90083F473 /* UIView+WebCacheOperation.m in Sources */ = {isa = PBXBuildFile; fileRef = FACBCEF01A80E8C80083F473 /* UIView+WebCacheOperation.m */; };
		FACBCEFB1A80E90E0083F473 /* ImageIO.framework in Frameworks */ = {isa = PBXBuildFile; fileRef = FACBCEFA1A80E90E0083F473 /* ImageIO.framework */; };
		FACBCEFE1A80F38B0083F473 /* placeholder.png in Resources */ = {isa = PBXBuildFile; fileRef = FACBCEFD1A80F38B0083F473 /* placeholder.png */; };
/* End PBXBuildFile section */

/* Begin PBXContainerItemProxy section */
		FACBCE981A80C9AB0083F473 /* PBXContainerItemProxy */ = {
			isa = PBXContainerItemProxy;
			containerPortal = FACBCE761A80C9AB0083F473 /* Project object */;
			proxyType = 1;
			remoteGlobalIDString = FACBCE7D1A80C9AB0083F473;
			remoteInfo = "Leto Test";
		};
/* End PBXContainerItemProxy section */

/* Begin PBXFileReference section */
		FACBCE7E1A80C9AB0083F473 /* Leto Test.app */ = {isa = PBXFileReference; explicitFileType = wrapper.application; includeInIndex = 0; path = "Leto Test.app"; sourceTree = BUILT_PRODUCTS_DIR; };
		FACBCE821A80C9AB0083F473 /* Info.plist */ = {isa = PBXFileReference; lastKnownFileType = text.plist.xml; path = Info.plist; sourceTree = "<group>"; };
		FACBCE831A80C9AB0083F473 /* main.m */ = {isa = PBXFileReference; lastKnownFileType = sourcecode.c.objc; path = main.m; sourceTree = "<group>"; };
		FACBCE851A80C9AB0083F473 /* AppDelegate.h */ = {isa = PBXFileReference; lastKnownFileType = sourcecode.c.h; path = AppDelegate.h; sourceTree = "<group>"; };
		FACBCE861A80C9AB0083F473 /* AppDelegate.m */ = {isa = PBXFileReference; lastKnownFileType = sourcecode.c.objc; path = AppDelegate.m; sourceTree = "<group>"; };
		FACBCE8E1A80C9AB0083F473 /* Images.xcassets */ = {isa = PBXFileReference; lastKnownFileType = folder.assetcatalog; name = Images.xcassets; path = "Leto Test/Images.xcassets"; sourceTree = "<group>"; };
		FACBCE971A80C9AB0083F473 /* Leto TestTests.xctest */ = {isa = PBXFileReference; explicitFileType = wrapper.cfbundle; includeInIndex = 0; path = "Leto TestTests.xctest"; sourceTree = BUILT_PRODUCTS_DIR; };
		FACBCE9C1A80C9AB0083F473 /* Info.plist */ = {isa = PBXFileReference; lastKnownFileType = text.plist.xml; path = Info.plist; sourceTree = "<group>"; };
		FACBCE9D1A80C9AB0083F473 /* Leto_TestTests.m */ = {isa = PBXFileReference; lastKnownFileType = sourcecode.c.objc; path = Leto_TestTests.m; sourceTree = "<group>"; };
		FACBCEAA1A80CBC70083F473 /* MoviesViewController.h */ = {isa = PBXFileReference; fileEncoding = 4; lastKnownFileType = sourcecode.c.h; path = MoviesViewController.h; sourceTree = "<group>"; };
		FACBCEAB1A80CBC70083F473 /* MoviesViewController.m */ = {isa = PBXFileReference; fileEncoding = 4; lastKnownFileType = sourcecode.c.objc; path = MoviesViewController.m; sourceTree = "<group>"; };
		FACBCEAC1A80CBC70083F473 /* MoviesViewController.xib */ = {isa = PBXFileReference; fileEncoding = 4; lastKnownFileType = file.xib; path = MoviesViewController.xib; sourceTree = "<group>"; };
		FACBCEB01A80CE510083F473 /* Constants.h */ = {isa = PBXFileReference; fileEncoding = 4; lastKnownFileType = sourcecode.c.h; path = Constants.h; sourceTree = "<group>"; };
		FACBCEB11A80CE510083F473 /* Constants.m */ = {isa = PBXFileReference; fileEncoding = 4; lastKnownFileType = sourcecode.c.objc; path = Constants.m; sourceTree = "<group>"; };
		FACBCEBE1A80D1C80083F473 /* MovieCustomCell.h */ = {isa = PBXFileReference; fileEncoding = 4; lastKnownFileType = sourcecode.c.h; path = MovieCustomCell.h; sourceTree = "<group>"; };
		FACBCEBF1A80D1C80083F473 /* MovieCustomCell.m */ = {isa = PBXFileReference; fileEncoding = 4; lastKnownFileType = sourcecode.c.objc; path = MovieCustomCell.m; sourceTree = "<group>"; };
		FACBCEC01A80D1C80083F473 /* MovieCustomCell.xib */ = {isa = PBXFileReference; fileEncoding = 4; lastKnownFileType = file.xib; path = MovieCustomCell.xib; sourceTree = "<group>"; };
		FACBCEC51A80E8400083F473 /* SDWebImageCompat.h */ = {isa = PBXFileReference; fileEncoding = 4; lastKnownFileType = sourcecode.c.h; path = SDWebImageCompat.h; sourceTree = "<group>"; };
		FACBCEC61A80E8400083F473 /* SDWebImageCompat.m */ = {isa = PBXFileReference; fileEncoding = 4; lastKnownFileType = sourcecode.c.objc; path = SDWebImageCompat.m; sourceTree = "<group>"; };
		FACBCEC71A80E8400083F473 /* SDWebImageOperation.h */ = {isa = PBXFileReference; fileEncoding = 4; lastKnownFileType = sourcecode.c.h; path = SDWebImageOperation.h; sourceTree = "<group>"; };
		FACBCECA1A80E85A0083F473 /* SDWebImageDownloader.h */ = {isa = PBXFileReference; fileEncoding = 4; lastKnownFileType = sourcecode.c.h; path = SDWebImageDownloader.h; sourceTree = "<group>"; };
		FACBCECB1A80E85A0083F473 /* SDWebImageDownloader.m */ = {isa = PBXFileReference; fileEncoding = 4; lastKnownFileType = sourcecode.c.objc; path = SDWebImageDownloader.m; sourceTree = "<group>"; };
		FACBCECC1A80E85A0083F473 /* SDWebImageDownloaderOperation.h */ = {isa = PBXFileReference; fileEncoding = 4; lastKnownFileType = sourcecode.c.h; path = SDWebImageDownloaderOperation.h; sourceTree = "<group>"; };
		FACBCECD1A80E85A0083F473 /* SDWebImageDownloaderOperation.m */ = {isa = PBXFileReference; fileEncoding = 4; lastKnownFileType = sourcecode.c.objc; path = SDWebImageDownloaderOperation.m; sourceTree = "<group>"; };
		FACBCED11A80E87C0083F473 /* SDImageCache.h */ = {isa = PBXFileReference; fileEncoding = 4; lastKnownFileType = sourcecode.c.h; path = SDImageCache.h; sourceTree = "<group>"; };
		FACBCED21A80E87C0083F473 /* SDImageCache.m */ = {isa = PBXFileReference; fileEncoding = 4; lastKnownFileType = sourcecode.c.objc; path = SDImageCache.m; sourceTree = "<group>"; };
		FACBCED51A80E8AD0083F473 /* SDWebImageDecoder.h */ = {isa = PBXFileReference; fileEncoding = 4; lastKnownFileType = sourcecode.c.h; path = SDWebImageDecoder.h; sourceTree = "<group>"; };
		FACBCED61A80E8AD0083F473 /* SDWebImageDecoder.m */ = {isa = PBXFileReference; fileEncoding = 4; lastKnownFileType = sourcecode.c.objc; path = SDWebImageDecoder.m; sourceTree = "<group>"; };
		FACBCED71A80E8AD0083F473 /* SDWebImageManager.h */ = {isa = PBXFileReference; fileEncoding = 4; lastKnownFileType = sourcecode.c.h; path = SDWebImageManager.h; sourceTree = "<group>"; };
		FACBCED81A80E8AD0083F473 /* SDWebImageManager.m */ = {isa = PBXFileReference; fileEncoding = 4; lastKnownFileType = sourcecode.c.objc; path = SDWebImageManager.m; sourceTree = "<group>"; };
		FACBCED91A80E8AD0083F473 /* SDWebImagePrefetcher.h */ = {isa = PBXFileReference; fileEncoding = 4; lastKnownFileType = sourcecode.c.h; path = SDWebImagePrefetcher.h; sourceTree = "<group>"; };
		FACBCEDA1A80E8AD0083F473 /* SDWebImagePrefetcher.m */ = {isa = PBXFileReference; fileEncoding = 4; lastKnownFileType = sourcecode.c.objc; path = SDWebImagePrefetcher.m; sourceTree = "<group>"; };
		FACBCEDF1A80E8C80083F473 /* MKAnnotationView+WebCache.h */ = {isa = PBXFileReference; fileEncoding = 4; lastKnownFileType = sourcecode.c.h; path = "MKAnnotationView+WebCache.h"; sourceTree = "<group>"; };
		FACBCEE01A80E8C80083F473 /* MKAnnotationView+WebCache.m */ = {isa = PBXFileReference; fileEncoding = 4; lastKnownFileType = sourcecode.c.objc; path = "MKAnnotationView+WebCache.m"; sourceTree = "<group>"; };
		FACBCEE11A80E8C80083F473 /* NSData+ImageContentType.h */ = {isa = PBXFileReference; fileEncoding = 4; lastKnownFileType = sourcecode.c.h; path = "NSData+ImageContentType.h"; sourceTree = "<group>"; };
		FACBCEE21A80E8C80083F473 /* NSData+ImageContentType.m */ = {isa = PBXFileReference; fileEncoding = 4; lastKnownFileType = sourcecode.c.objc; path = "NSData+ImageContentType.m"; sourceTree = "<group>"; };
		FACBCEE31A80E8C80083F473 /* UIButton+WebCache.h */ = {isa = PBXFileReference; fileEncoding = 4; lastKnownFileType = sourcecode.c.h; path = "UIButton+WebCache.h"; sourceTree = "<group>"; };
		FACBCEE41A80E8C80083F473 /* UIButton+WebCache.m */ = {isa = PBXFileReference; fileEncoding = 4; lastKnownFileType = sourcecode.c.objc; path = "UIButton+WebCache.m"; sourceTree = "<group>"; };
		FACBCEE51A80E8C80083F473 /* UIImage+GIF.h */ = {isa = PBXFileReference; fileEncoding = 4; lastKnownFileType = sourcecode.c.h; path = "UIImage+GIF.h"; sourceTree = "<group>"; };
		FACBCEE61A80E8C80083F473 /* UIImage+GIF.m */ = {isa = PBXFileReference; fileEncoding = 4; lastKnownFileType = sourcecode.c.objc; path = "UIImage+GIF.m"; sourceTree = "<group>"; };
		FACBCEE71A80E8C80083F473 /* UIImage+MultiFormat.h */ = {isa = PBXFileReference; fileEncoding = 4; lastKnownFileType = sourcecode.c.h; path = "UIImage+MultiFormat.h"; sourceTree = "<group>"; };
		FACBCEE81A80E8C80083F473 /* UIImage+MultiFormat.m */ = {isa = PBXFileReference; fileEncoding = 4; lastKnownFileType = sourcecode.c.objc; path = "UIImage+MultiFormat.m"; sourceTree = "<group>"; };
		FACBCEE91A80E8C80083F473 /* UIImage+WebP.h */ = {isa = PBXFileReference; fileEncoding = 4; lastKnownFileType = sourcecode.c.h; path = "UIImage+WebP.h"; sourceTree = "<group>"; };
		FACBCEEA1A80E8C80083F473 /* UIImage+WebP.m */ = {isa = PBXFileReference; fileEncoding = 4; lastKnownFileType = sourcecode.c.objc; path = "UIImage+WebP.m"; sourceTree = "<group>"; };
		FACBCEEB1A80E8C80083F473 /* UIImageView+HighlightedWebCache.h */ = {isa = PBXFileReference; fileEncoding = 4; lastKnownFileType = sourcecode.c.h; path = "UIImageView+HighlightedWebCache.h"; sourceTree = "<group>"; };
		FACBCEEC1A80E8C80083F473 /* UIImageView+HighlightedWebCache.m */ = {isa = PBXFileReference; fileEncoding = 4; lastKnownFileType = sourcecode.c.objc; path = "UIImageView+HighlightedWebCache.m"; sourceTree = "<group>"; };
		FACBCEED1A80E8C80083F473 /* UIImageView+WebCache.h */ = {isa = PBXFileReference; fileEncoding = 4; lastKnownFileType = sourcecode.c.h; path = "UIImageView+WebCache.h"; sourceTree = "<group>"; };
		FACBCEEE1A80E8C80083F473 /* UIImageView+WebCache.m */ = {isa = PBXFileReference; fileEncoding = 4; lastKnownFileType = sourcecode.c.objc; path = "UIImageView+WebCache.m"; sourceTree = "<group>"; };
		FACBCEEF1A80E8C80083F473 /* UIView+WebCacheOperation.h */ = {isa = PBXFileReference; fileEncoding = 4; lastKnownFileType = sourcecode.c.h; path = "UIView+WebCacheOperation.h"; sourceTree = "<group>"; };
		FACBCEF01A80E8C80083F473 /* UIView+WebCacheOperation.m */ = {isa = PBXFileReference; fileEncoding = 4; lastKnownFileType = sourcecode.c.objc; path = "UIView+WebCacheOperation.m"; sourceTree = "<group>"; };
		FACBCEFA1A80E90E0083F473 /* ImageIO.framework */ = {isa = PBXFileReference; lastKnownFileType = wrapper.framework; name = ImageIO.framework; path = System/Library/Frameworks/ImageIO.framework; sourceTree = SDKROOT; };
		FACBCEFD1A80F38B0083F473 /* placeholder.png */ = {isa = PBXFileReference; lastKnownFileType = image.png; path = placeholder.png; sourceTree = "<group>"; };
/* End PBXFileReference section */

/* Begin PBXFrameworksBuildPhase section */
		FACBCE7B1A80C9AB0083F473 /* Frameworks */ = {
			isa = PBXFrameworksBuildPhase;
			buildActionMask = 2147483647;
			files = (
				FACBCEFB1A80E90E0083F473 /* ImageIO.framework in Frameworks */,
			);
			runOnlyForDeploymentPostprocessing = 0;
		};
		FACBCE941A80C9AB0083F473 /* Frameworks */ = {
			isa = PBXFrameworksBuildPhase;
			buildActionMask = 2147483647;
			files = (
			);
			runOnlyForDeploymentPostprocessing = 0;
		};
/* End PBXFrameworksBuildPhase section */

/* Begin PBXGroup section */
		FACBCE751A80C9AB0083F473 = {
			isa = PBXGroup;
			children = (
				FACBCE801A80C9AB0083F473 /* Leto Test */,
				FACBCE9A1A80C9AB0083F473 /* Leto TestTests */,
				FACBCEFC1A80E9300083F473 /* Frameworks */,
				FACBCE7F1A80C9AB0083F473 /* Products */,
				FACBCEA71A80CB270083F473 /* Resources */,
			);
			sourceTree = "<group>";
		};
		FACBCE7F1A80C9AB0083F473 /* Products */ = {
			isa = PBXGroup;
			children = (
				FACBCE7E1A80C9AB0083F473 /* Leto Test.app */,
				FACBCE971A80C9AB0083F473 /* Leto TestTests.xctest */,
			);
			name = Products;
			sourceTree = "<group>";
		};
		FACBCE801A80C9AB0083F473 /* Leto Test */ = {
			isa = PBXGroup;
			children = (
				FACBCEA81A80CB380083F473 /* Application Delegate */,
				FACBCEA91A80CB9E0083F473 /* MoviesViewController */,
				FACBCEC31A80E8240083F473 /* Helper Classes */,
				FACBCE811A80C9AB0083F473 /* Supporting Files */,
			);
			path = "Leto Test";
			sourceTree = "<group>";
		};
		FACBCE811A80C9AB0083F473 /* Supporting Files */ = {
			isa = PBXGroup;
			children = (
				FACBCE821A80C9AB0083F473 /* Info.plist */,
				FACBCE831A80C9AB0083F473 /* main.m */,
			);
			name = "Supporting Files";
			sourceTree = "<group>";
		};
		FACBCE9A1A80C9AB0083F473 /* Leto TestTests */ = {
			isa = PBXGroup;
			children = (
				FACBCE9D1A80C9AB0083F473 /* Leto_TestTests.m */,
				FACBCE9B1A80C9AB0083F473 /* Supporting Files */,
			);
			path = "Leto TestTests";
			sourceTree = "<group>";
		};
		FACBCE9B1A80C9AB0083F473 /* Supporting Files */ = {
			isa = PBXGroup;
			children = (
				FACBCE9C1A80C9AB0083F473 /* Info.plist */,
			);
			name = "Supporting Files";
			sourceTree = "<group>";
		};
		FACBCEA71A80CB270083F473 /* Resources */ = {
			isa = PBXGroup;
			children = (
				FACBCEFD1A80F38B0083F473 /* placeholder.png */,
				FACBCE8E1A80C9AB0083F473 /* Images.xcassets */,
			);
			name = Resources;
			sourceTree = "<group>";
		};
		FACBCEA81A80CB380083F473 /* Application Delegate */ = {
			isa = PBXGroup;
			children = (
				FACBCE851A80C9AB0083F473 /* AppDelegate.h */,
				FACBCE861A80C9AB0083F473 /* AppDelegate.m */,
			);
			name = "Application Delegate";
			sourceTree = "<group>";
		};
		FACBCEA91A80CB9E0083F473 /* MoviesViewController */ = {
			isa = PBXGroup;
			children = (
				FACBCEBD1A80D1A60083F473 /* MovieCustomCell */,
				FACBCEAA1A80CBC70083F473 /* MoviesViewController.h */,
				FACBCEAB1A80CBC70083F473 /* MoviesViewController.m */,
				FACBCEAC1A80CBC70083F473 /* MoviesViewController.xib */,
			);
			name = MoviesViewController;
			sourceTree = "<group>";
		};
		FACBCEAF1A80CE390083F473 /* App Utilities */ = {
			isa = PBXGroup;
			children = (
				FACBCEB01A80CE510083F473 /* Constants.h */,
				FACBCEB11A80CE510083F473 /* Constants.m */,
			);
			name = "App Utilities";
			sourceTree = "<group>";
		};
		FACBCEBD1A80D1A60083F473 /* MovieCustomCell */ = {
			isa = PBXGroup;
			children = (
				FACBCEBE1A80D1C80083F473 /* MovieCustomCell.h */,
				FACBCEBF1A80D1C80083F473 /* MovieCustomCell.m */,
				FACBCEC01A80D1C80083F473 /* MovieCustomCell.xib */,
			);
			name = MovieCustomCell;
			sourceTree = "<group>";
		};
		FACBCEC31A80E8240083F473 /* Helper Classes */ = {
			isa = PBXGroup;
			children = (
				FACBCEC41A80E8300083F473 /* Web Image */,
				FACBCEAF1A80CE390083F473 /* App Utilities */,
			);
			name = "Helper Classes";
			sourceTree = "<group>";
		};
		FACBCEC41A80E8300083F473 /* Web Image */ = {
			isa = PBXGroup;
			children = (
				FACBCEC51A80E8400083F473 /* SDWebImageCompat.h */,
				FACBCEC61A80E8400083F473 /* SDWebImageCompat.m */,
				FACBCEC71A80E8400083F473 /* SDWebImageOperation.h */,
				FACBCEC91A80E84A0083F473 /* Downloader */,
				FACBCED01A80E86A0083F473 /* Cache */,
				FACBCED41A80E89E0083F473 /* Utils */,
				FACBCEDE1A80E8B90083F473 /* Categories */,
			);
			name = "Web Image";
			sourceTree = "<group>";
		};
		FACBCEC91A80E84A0083F473 /* Downloader */ = {
			isa = PBXGroup;
			children = (
				FACBCECA1A80E85A0083F473 /* SDWebImageDownloader.h */,
				FACBCECB1A80E85A0083F473 /* SDWebImageDownloader.m */,
				FACBCECC1A80E85A0083F473 /* SDWebImageDownloaderOperation.h */,
				FACBCECD1A80E85A0083F473 /* SDWebImageDownloaderOperation.m */,
			);
			name = Downloader;
			sourceTree = "<group>";
		};
		FACBCED01A80E86A0083F473 /* Cache */ = {
			isa = PBXGroup;
			children = (
				FACBCED11A80E87C0083F473 /* SDImageCache.h */,
				FACBCED21A80E87C0083F473 /* SDImageCache.m */,
			);
			name = Cache;
			sourceTree = "<group>";
		};
		FACBCED41A80E89E0083F473 /* Utils */ = {
			isa = PBXGroup;
			children = (
				FACBCED51A80E8AD0083F473 /* SDWebImageDecoder.h */,
				FACBCED61A80E8AD0083F473 /* SDWebImageDecoder.m */,
				FACBCED71A80E8AD0083F473 /* SDWebImageManager.h */,
				FACBCED81A80E8AD0083F473 /* SDWebImageManager.m */,
				FACBCED91A80E8AD0083F473 /* SDWebImagePrefetcher.h */,
				FACBCEDA1A80E8AD0083F473 /* SDWebImagePrefetcher.m */,
			);
			name = Utils;
			sourceTree = "<group>";
		};
		FACBCEDE1A80E8B90083F473 /* Categories */ = {
			isa = PBXGroup;
			children = (
				FACBCEDF1A80E8C80083F473 /* MKAnnotationView+WebCache.h */,
				FACBCEE01A80E8C80083F473 /* MKAnnotationView+WebCache.m */,
				FACBCEE11A80E8C80083F473 /* NSData+ImageContentType.h */,
				FACBCEE21A80E8C80083F473 /* NSData+ImageContentType.m */,
				FACBCEE31A80E8C80083F473 /* UIButton+WebCache.h */,
				FACBCEE41A80E8C80083F473 /* UIButton+WebCache.m */,
				FACBCEE51A80E8C80083F473 /* UIImage+GIF.h */,
				FACBCEE61A80E8C80083F473 /* UIImage+GIF.m */,
				FACBCEE71A80E8C80083F473 /* UIImage+MultiFormat.h */,
				FACBCEE81A80E8C80083F473 /* UIImage+MultiFormat.m */,
				FACBCEE91A80E8C80083F473 /* UIImage+WebP.h */,
				FACBCEEA1A80E8C80083F473 /* UIImage+WebP.m */,
				FACBCEEB1A80E8C80083F473 /* UIImageView+HighlightedWebCache.h */,
				FACBCEEC1A80E8C80083F473 /* UIImageView+HighlightedWebCache.m */,
				FACBCEED1A80E8C80083F473 /* UIImageView+WebCache.h */,
				FACBCEEE1A80E8C80083F473 /* UIImageView+WebCache.m */,
				FACBCEEF1A80E8C80083F473 /* UIView+WebCacheOperation.h */,
				FACBCEF01A80E8C80083F473 /* UIView+WebCacheOperation.m */,
			);
			name = Categories;
			sourceTree = "<group>";
		};
		FACBCEFC1A80E9300083F473 /* Frameworks */ = {
			isa = PBXGroup;
			children = (
				FACBCEFA1A80E90E0083F473 /* ImageIO.framework */,
			);
			name = Frameworks;
			sourceTree = "<group>";
		};
/* End PBXGroup section */

/* Begin PBXNativeTarget section */
		FACBCE7D1A80C9AB0083F473 /* Leto Test */ = {
			isa = PBXNativeTarget;
			buildConfigurationList = FACBCEA11A80C9AB0083F473 /* Build configuration list for PBXNativeTarget "Leto Test" */;
			buildPhases = (
				FACBCE7A1A80C9AB0083F473 /* Sources */,
				FACBCE7B1A80C9AB0083F473 /* Frameworks */,
				FACBCE7C1A80C9AB0083F473 /* Resources */,
			);
			buildRules = (
			);
			dependencies = (
			);
			name = "Leto Test";
			productName = "Leto Test";
			productReference = FACBCE7E1A80C9AB0083F473 /* Leto Test.app */;
			productType = "com.apple.product-type.application";
		};
		FACBCE961A80C9AB0083F473 /* Leto TestTests */ = {
			isa = PBXNativeTarget;
			buildConfigurationList = FACBCEA41A80C9AB0083F473 /* Build configuration list for PBXNativeTarget "Leto TestTests" */;
			buildPhases = (
				FACBCE931A80C9AB0083F473 /* Sources */,
				FACBCE941A80C9AB0083F473 /* Frameworks */,
				FACBCE951A80C9AB0083F473 /* Resources */,
			);
			buildRules = (
			);
			dependencies = (
				FACBCE991A80C9AB0083F473 /* PBXTargetDependency */,
			);
			name = "Leto TestTests";
			productName = "Leto TestTests";
			productReference = FACBCE971A80C9AB0083F473 /* Leto TestTests.xctest */;
			productType = "com.apple.product-type.bundle.unit-test";
		};
/* End PBXNativeTarget section */

/* Begin PBXProject section */
		FACBCE761A80C9AB0083F473 /* Project object */ = {
			isa = PBXProject;
			attributes = {
				LastUpgradeCheck = 0610;
				ORGANIZATIONNAME = Radoo;
				TargetAttributes = {
					FACBCE7D1A80C9AB0083F473 = {
						CreatedOnToolsVersion = 6.1.1;
					};
					FACBCE961A80C9AB0083F473 = {
						CreatedOnToolsVersion = 6.1.1;
						TestTargetID = FACBCE7D1A80C9AB0083F473;
					};
				};
			};
			buildConfigurationList = FACBCE791A80C9AB0083F473 /* Build configuration list for PBXProject "Leto Test" */;
			compatibilityVersion = "Xcode 3.2";
			developmentRegion = English;
			hasScannedForEncodings = 0;
			knownRegions = (
				en,
				Base,
			);
			mainGroup = FACBCE751A80C9AB0083F473;
			productRefGroup = FACBCE7F1A80C9AB0083F473 /* Products */;
			projectDirPath = "";
			projectRoot = "";
			targets = (
				FACBCE7D1A80C9AB0083F473 /* Leto Test */,
				FACBCE961A80C9AB0083F473 /* Leto TestTests */,
			);
		};
/* End PBXProject section */

/* Begin PBXResourcesBuildPhase section */
		FACBCE7C1A80C9AB0083F473 /* Resources */ = {
			isa = PBXResourcesBuildPhase;
			buildActionMask = 2147483647;
			files = (
				FACBCE8F1A80C9AB0083F473 /* Images.xcassets in Resources */,
				FACBCEFE1A80F38B0083F473 /* placeholder.png in Resources */,
				FACBCEAE1A80CBC70083F473 /* MoviesViewController.xib in Resources */,
				FACBCEC21A80D1C80083F473 /* MovieCustomCell.xib in Resources */,
			);
			runOnlyForDeploymentPostprocessing = 0;
		};
		FACBCE951A80C9AB0083F473 /* Resources */ = {
			isa = PBXResourcesBuildPhase;
			buildActionMask = 2147483647;
			files = (
			);
			runOnlyForDeploymentPostprocessing = 0;
		};
/* End PBXResourcesBuildPhase section */

/* Begin PBXSourcesBuildPhase section */
		FACBCE7A1A80C9AB0083F473 /* Sources */ = {
			isa = PBXSourcesBuildPhase;
			buildActionMask = 2147483647;
			files = (
				FACBCEC11A80D1C80083F473 /* MovieCustomCell.m in Sources */,
				FACBCEF71A80E8C90083F473 /* UIImageView+HighlightedWebCache.m in Sources */,
				FACBCEF81A80E8C90083F473 /* UIImageView+WebCache.m in Sources */,
				FACBCEF61A80E8C90083F473 /* UIImage+WebP.m in Sources */,
				FACBCEDC1A80E8AD0083F473 /* SDWebImageManager.m in Sources */,
				FACBCED31A80E87C0083F473 /* SDImageCache.m in Sources */,
				FACBCEDB1A80E8AD0083F473 /* SDWebImageDecoder.m in Sources */,
				FACBCEF21A80E8C90083F473 /* NSData+ImageContentType.m in Sources */,
				FACBCEC81A80E8400083F473 /* SDWebImageCompat.m in Sources */,
				FACBCECF1A80E85A0083F473 /* SDWebImageDownloaderOperation.m in Sources */,
				FACBCEF91A80E8C90083F473 /* UIView+WebCacheOperation.m in Sources */,
				FACBCEF31A80E8C90083F473 /* UIButton+WebCache.m in Sources */,
				FACBCEF51A80E8C90083F473 /* UIImage+MultiFormat.m in Sources */,
				FACBCE871A80C9AB0083F473 /* AppDelegate.m in Sources */,
				FACBCE841A80C9AB0083F473 /* main.m in Sources */,
				FACBCEF41A80E8C90083F473 /* UIImage+GIF.m in Sources */,
				FACBCEAD1A80CBC70083F473 /* MoviesViewController.m in Sources */,
				FACBCEDD1A80E8AD0083F473 /* SDWebImagePrefetcher.m in Sources */,
				FACBCEF11A80E8C90083F473 /* MKAnnotationView+WebCache.m in Sources */,
				FACBCECE1A80E85A0083F473 /* SDWebImageDownloader.m in Sources */,
				FACBCEB21A80CE510083F473 /* Constants.m in Sources */,
			);
			runOnlyForDeploymentPostprocessing = 0;
		};
		FACBCE931A80C9AB0083F473 /* Sources */ = {
			isa = PBXSourcesBuildPhase;
			buildActionMask = 2147483647;
			files = (
				FACBCE9E1A80C9AB0083F473 /* Leto_TestTests.m in Sources */,
			);
			runOnlyForDeploymentPostprocessing = 0;
		};
/* End PBXSourcesBuildPhase section */

/* Begin PBXTargetDependency section */
		FACBCE991A80C9AB0083F473 /* PBXTargetDependency */ = {
			isa = PBXTargetDependency;
			target = FACBCE7D1A80C9AB0083F473 /* Leto Test */;
			targetProxy = FACBCE981A80C9AB0083F473 /* PBXContainerItemProxy */;
		};
/* End PBXTargetDependency section */

/* Begin XCBuildConfiguration section */
		FACBCE9F1A80C9AB0083F473 /* Debug */ = {
			isa = XCBuildConfiguration;
			buildSettings = {
				ALWAYS_SEARCH_USER_PATHS = NO;
				CLANG_CXX_LANGUAGE_STANDARD = "gnu++0x";
				CLANG_CXX_LIBRARY = "libc++";
				CLANG_ENABLE_MODULES = YES;
				CLANG_ENABLE_OBJC_ARC = YES;
				CLANG_WARN_BOOL_CONVERSION = YES;
				CLANG_WARN_CONSTANT_CONVERSION = YES;
				CLANG_WARN_DIRECT_OBJC_ISA_USAGE = YES_ERROR;
				CLANG_WARN_EMPTY_BODY = YES;
				CLANG_WARN_ENUM_CONVERSION = YES;
				CLANG_WARN_INT_CONVERSION = YES;
				CLANG_WARN_OBJC_ROOT_CLASS = YES_ERROR;
				CLANG_WARN_UNREACHABLE_CODE = YES;
				CLANG_WARN__DUPLICATE_METHOD_MATCH = YES;
				"CODE_SIGN_IDENTITY[sdk=iphoneos*]" = "iPhone Developer";
				COPY_PHASE_STRIP = NO;
				ENABLE_STRICT_OBJC_MSGSEND = YES;
				GCC_C_LANGUAGE_STANDARD = gnu99;
				GCC_DYNAMIC_NO_PIC = NO;
				GCC_OPTIMIZATION_LEVEL = 0;
				GCC_PREPROCESSOR_DEFINITIONS = (
					"DEBUG=1",
					"$(inherited)",
				);
				GCC_SYMBOLS_PRIVATE_EXTERN = NO;
				GCC_WARN_64_TO_32_BIT_CONVERSION = YES;
				GCC_WARN_ABOUT_RETURN_TYPE = YES_ERROR;
				GCC_WARN_UNDECLARED_SELECTOR = YES;
				GCC_WARN_UNINITIALIZED_AUTOS = YES_AGGRESSIVE;
				GCC_WARN_UNUSED_FUNCTION = YES;
				GCC_WARN_UNUSED_VARIABLE = YES;
				IPHONEOS_DEPLOYMENT_TARGET = 8.1;
				MTL_ENABLE_DEBUG_INFO = YES;
				ONLY_ACTIVE_ARCH = YES;
				SDKROOT = iphoneos;
			};
			name = Debug;
		};
		FACBCEA01A80C9AB0083F473 /* Release */ = {
			isa = XCBuildConfiguration;
			buildSettings = {
				ALWAYS_SEARCH_USER_PATHS = NO;
				CLANG_CXX_LANGUAGE_STANDARD = "gnu++0x";
				CLANG_CXX_LIBRARY = "libc++";
				CLANG_ENABLE_MODULES = YES;
				CLANG_ENABLE_OBJC_ARC = YES;
				CLANG_WARN_BOOL_CONVERSION = YES;
				CLANG_WARN_CONSTANT_CONVERSION = YES;
				CLANG_WARN_DIRECT_OBJC_ISA_USAGE = YES_ERROR;
				CLANG_WARN_EMPTY_BODY = YES;
				CLANG_WARN_ENUM_CONVERSION = YES;
				CLANG_WARN_INT_CONVERSION = YES;
				CLANG_WARN_OBJC_ROOT_CLASS = YES_ERROR;
				CLANG_WARN_UNREACHABLE_CODE = YES;
				CLANG_WARN__DUPLICATE_METHOD_MATCH = YES;
				"CODE_SIGN_IDENTITY[sdk=iphoneos*]" = "iPhone Developer";
				COPY_PHASE_STRIP = YES;
				ENABLE_NS_ASSERTIONS = NO;
				ENABLE_STRICT_OBJC_MSGSEND = YES;
				GCC_C_LANGUAGE_STANDARD = gnu99;
				GCC_WARN_64_TO_32_BIT_CONVERSION = YES;
				GCC_WARN_ABOUT_RETURN_TYPE = YES_ERROR;
				GCC_WARN_UNDECLARED_SELECTOR = YES;
				GCC_WARN_UNINITIALIZED_AUTOS = YES_AGGRESSIVE;
				GCC_WARN_UNUSED_FUNCTION = YES;
				GCC_WARN_UNUSED_VARIABLE = YES;
				IPHONEOS_DEPLOYMENT_TARGET = 8.1;
				MTL_ENABLE_DEBUG_INFO = NO;
				SDKROOT = iphoneos;
				VALIDATE_PRODUCT = YES;
			};
			name = Release;
		};
		FACBCEA21A80C9AB0083F473 /* Debug */ = {
			isa = XCBuildConfiguration;
			buildSettings = {
				ASSETCATALOG_COMPILER_APPICON_NAME = AppIcon;
				ASSETCATALOG_COMPILER_LAUNCHIMAGE_NAME = LaunchImage;
				INFOPLIST_FILE = "Leto Test/Info.plist";
				LD_RUNPATH_SEARCH_PATHS = "$(inherited) @executable_path/Frameworks";
				OTHER_LDFLAGS = "-ObjC";
				PRODUCT_NAME = "$(TARGET_NAME)";
			};
			name = Debug;
		};
		FACBCEA31A80C9AB0083F473 /* Release */ = {
			isa = XCBuildConfiguration;
			buildSettings = {
				ASSETCATALOG_COMPILER_APPICON_NAME = AppIcon;
				ASSETCATALOG_COMPILER_LAUNCHIMAGE_NAME = LaunchImage;
				INFOPLIST_FILE = "Leto Test/Info.plist";
				LD_RUNPATH_SEARCH_PATHS = "$(inherited) @executable_path/Frameworks";
				OTHER_LDFLAGS = "-ObjC";
				PRODUCT_NAME = "$(TARGET_NAME)";
			};
			name = Release;
		};
		FACBCEA51A80C9AB0083F473 /* Debug */ = {
			isa = XCBuildConfiguration;
			buildSettings = {
				BUNDLE_LOADER = "$(TEST_HOST)";
				FRAMEWORK_SEARCH_PATHS = (
					"$(SDKROOT)/Developer/Library/Frameworks",
					"$(inherited)",
				);
				GCC_PREPROCESSOR_DEFINITIONS = (
					"DEBUG=1",
					"$(inherited)",
				);
				INFOPLIST_FILE = "Leto TestTests/Info.plist";
				LD_RUNPATH_SEARCH_PATHS = "$(inherited) @executable_path/Frameworks @loader_path/Frameworks";
				PRODUCT_NAME = "$(TARGET_NAME)";
				TEST_HOST = "$(BUILT_PRODUCTS_DIR)/Leto Test.app/Leto Test";
			};
			name = Debug;
		};
		FACBCEA61A80C9AB0083F473 /* Release */ = {
			isa = XCBuildConfiguration;
			buildSettings = {
				BUNDLE_LOADER = "$(TEST_HOST)";
				FRAMEWORK_SEARCH_PATHS = (
					"$(SDKROOT)/Developer/Library/Frameworks",
					"$(inherited)",
				);
				INFOPLIST_FILE = "Leto TestTests/Info.plist";
				LD_RUNPATH_SEARCH_PATHS = "$(inherited) @executable_path/Frameworks @loader_path/Frameworks";
				PRODUCT_NAME = "$(TARGET_NAME)";
				TEST_HOST = "$(BUILT_PRODUCTS_DIR)/Leto Test.app/Leto Test";
			};
			name = Release;
		};
/* End XCBuildConfiguration section */

/* Begin XCConfigurationList section */
		FACBCE791A80C9AB0083F473 /* Build configuration list for PBXProject "Leto Test" */ = {
			isa = XCConfigurationList;
			buildConfigurations = (
				FACBCE9F1A80C9AB0083F473 /* Debug */,
				FACBCEA01A80C9AB0083F473 /* Release */,
			);
			defaultConfigurationIsVisible = 0;
			defaultConfigurationName = Release;
		};
		FACBCEA11A80C9AB0083F473 /* Build configuration list for PBXNativeTarget "Leto Test" */ = {
			isa = XCConfigurationList;
			buildConfigurations = (
				FACBCEA21A80C9AB0083F473 /* Debug */,
				FACBCEA31A80C9AB0083F473 /* Release */,
			);
			defaultConfigurationIsVisible = 0;
		};
		FACBCEA41A80C9AB0083F473 /* Build configuration list for PBXNativeTarget "Leto TestTests" */ = {
			isa = XCConfigurationList;
			buildConfigurations = (
				FACBCEA51A80C9AB0083F473 /* Debug */,
				FACBCEA61A80C9AB0083F473 /* Release */,
			);
			defaultConfigurationIsVisible = 0;
		};
/* End XCConfigurationList section */
	};
	rootObject = FACBCE761A80C9AB0083F473 /* Project object */;
}
